// !$*UTF8*$!
{
	archiveVersion = 1;
	classes = {
	};
	objectVersion = 77;
	objects = {

/* Begin PBXBuildFile section */
		01FD9E8B373A9B58D97C3499 /* CalendarTask.swift in Sources */ = {isa = PBXBuildFile; fileRef = 625FE051B813170BE3BC204E /* CalendarTask.swift */; };
		0322E7F896DEF11246B2E966 /* APIClient.swift in Sources */ = {isa = PBXBuildFile; fileRef = 3CF3E0586B63804A836DBDBF /* APIClient.swift */; };
		0736A54DB94C4F16A3E2C771 /* LaunchScreen.storyboard in Resources */ = {isa = PBXBuildFile; fileRef = 87DE3D97EB92536D908EE007 /* LaunchScreen.storyboard */; };
		094C534C21632C1971FD086B /* AppFlowCoordinatorTests.swift in Sources */ = {isa = PBXBuildFile; fileRef = C79B44BA7F670B707143F104 /* AppFlowCoordinatorTests.swift */; };
		16035F2C4D2DDA58168B1884 /* CalendarService.swift in Sources */ = {isa = PBXBuildFile; fileRef = 7D667ADD9CD443EC4C02A1C4 /* CalendarService.swift */; };
		1DAD48CFABB637EF66C7A146 /* InstallationIdentifierStore.swift in Sources */ = {isa = PBXBuildFile; fileRef = 301E782D1A4032F14778BBC3 /* InstallationIdentifierStore.swift */; };
		2314BB7389AA07A52990C8AA /* AppAttestLiveSmokeTests.swift in Sources */ = {isa = PBXBuildFile; fileRef = 6E5972D40B8F39379EB78771 /* AppAttestLiveSmokeTests.swift */; };
		25FA9CCE9F03755F86EC9824 /* AppCheckBootstrapTests.swift in Sources */ = {isa = PBXBuildFile; fileRef = 5AB30FB0901188D52721F2C4 /* AppCheckBootstrapTests.swift */; };
		2A99A136B0AF2A9F8628DB69 /* ReviewView.swift in Sources */ = {isa = PBXBuildFile; fileRef = 18DCB987DE2CEC4D58B52C1B /* ReviewView.swift */; };
		4459648145B527E3D56688AC /* APIClientSecurityTests.swift in Sources */ = {isa = PBXBuildFile; fileRef = A49A55D1A1529883B82E5BCC /* APIClientSecurityTests.swift */; };
		52255857E918D7D5DF936213 /* FirebaseCore in Frameworks */ = {isa = PBXBuildFile; productRef = 656514DBA1F2B85D021893F4 /* FirebaseCore */; };
		5B2B69AF747803D630E17BA8 /* Security.framework in Frameworks */ = {isa = PBXBuildFile; fileRef = DEB9E526DBC7A7745DE5C91C /* Security.framework */; };
		5E509E4724B99E5104A945C5 /* NeedsReviewView.swift in Sources */ = {isa = PBXBuildFile; fileRef = 11A47040BCF3C08BE21E7D0A /* NeedsReviewView.swift */; };
		6042CB7D75E84FE0A7DB66FE /* CaptureView.swift in Sources */ = {isa = PBXBuildFile; fileRef = FD694A0B2795E4F5C266CB64 /* CaptureView.swift */; };
		6315E27B2D0B574F87127CD5 /* NoActionView.swift in Sources */ = {isa = PBXBuildFile; fileRef = 008EEB44DF793A978F9BBB85 /* NoActionView.swift */; };
		7AE8EFCD979E501A687D93E0 /* GoogleService-Info.plist in Resources */ = {isa = PBXBuildFile; fileRef = 7B56D73887335663365F4379 /* GoogleService-Info.plist */; };
		87DB2D6A39EC78D70A48A6BD /* SuccessView.swift in Sources */ = {isa = PBXBuildFile; fileRef = 6016CB43C02D844914697A51 /* SuccessView.swift */; };
		9BFD593AD4E1C26C656E38AF /* CalendarViewModel.swift in Sources */ = {isa = PBXBuildFile; fileRef = BE2F2F60FAA7EA3B59571255 /* CalendarViewModel.swift */; };
		A6D8B2D600FDF4F004B3DF27 /* SecurityCredentialTests.swift in Sources */ = {isa = PBXBuildFile; fileRef = EED10420F29A35C9077B03B1 /* SecurityCredentialTests.swift */; };
		AB930E93BB688250BFF78A21 /* AppCheckBootstrap.swift in Sources */ = {isa = PBXBuildFile; fileRef = 4995F07BE870F07D0222BE63 /* AppCheckBootstrap.swift */; };
		B5E8C80C58D53611FD65D0F6 /* ImageCompressor.swift in Sources */ = {isa = PBXBuildFile; fileRef = 5C0357953E6E2A6A51B1DF9E /* ImageCompressor.swift */; };
		BB402664DD36CD26853FE778 /* CaptureViewModel.swift in Sources */ = {isa = PBXBuildFile; fileRef = FDD02922F34DAB27A55A5AB1 /* CaptureViewModel.swift */; };
		BF29CF2E36FB7ED8552A241E /* Assets.xcassets in Resources */ = {isa = PBXBuildFile; fileRef = E828618D0C3822FFBB0AE3EE /* Assets.xcassets */; };
		C2930CA90FFDFDE85D0DB066 /* ExtractionViewModel.swift in Sources */ = {isa = PBXBuildFile; fileRef = 9740D8067833DA3E9BBD0391 /* ExtractionViewModel.swift */; };
		CFC3F2A7009DB2F771D2769D /* ProcessingView.swift in Sources */ = {isa = PBXBuildFile; fileRef = 12470F406B69A541A143FA1E /* ProcessingView.swift */; };
		D3A51051C5D543490A9420A6 /* DesignSystem.swift in Sources */ = {isa = PBXBuildFile; fileRef = 3ABE363A2BF2ED25476D6F39 /* DesignSystem.swift */; };
		E23748DAA02205A24C4738A2 /* AppFlowCoordinator.swift in Sources */ = {isa = PBXBuildFile; fileRef = 61852894C181EAED1A76FA2C /* AppFlowCoordinator.swift */; };
		EE61B249CBF05C2FBD5FF1A2 /* UploadConsentView.swift in Sources */ = {isa = PBXBuildFile; fileRef = E97F2240B0C86AE33B47E475 /* UploadConsentView.swift */; };
		F2A70288A321C35E605BE5D6 /* ExtractionResult.swift in Sources */ = {isa = PBXBuildFile; fileRef = 9CF4A99D01B0D5ACF738C1B7 /* ExtractionResult.swift */; };
		F2F4215923A4F61101D1BF9B /* FirebaseAppCheck in Frameworks */ = {isa = PBXBuildFile; productRef = A3AC4C3AE803D71E551AA1F6 /* FirebaseAppCheck */; };
		F8BE702BC72ECBF4BE62E116 /* AppCheckTokenProvider.swift in Sources */ = {isa = PBXBuildFile; fileRef = 13E21F76E40CC016EED99FDF /* AppCheckTokenProvider.swift */; };
		F9D813459BF88EF4F8B0EC7A /* LifeSnapActionApp.swift in Sources */ = {isa = PBXBuildFile; fileRef = 49AC672D4A86AAC5B7ED24A4 /* LifeSnapActionApp.swift */; };
/* End PBXBuildFile section */

/* Begin PBXContainerItemProxy section */
		24EBD47C9B1C9EFDDC46BA04 /* PBXContainerItemProxy */ = {
			isa = PBXContainerItemProxy;
			containerPortal = 8E0105D34370ADF8C19B2C9C /* Project object */;
			proxyType = 1;
			remoteGlobalIDString = 8341698B324E1FFBFF1B99DD;
			remoteInfo = LifeSnapAction;
		};
/* End PBXContainerItemProxy section */

/* Begin PBXFileReference section */
		008EEB44DF793A978F9BBB85 /* NoActionView.swift */ = {isa = PBXFileReference; lastKnownFileType = sourcecode.swift; path = NoActionView.swift; sourceTree = "<group>"; };
		11A47040BCF3C08BE21E7D0A /* NeedsReviewView.swift */ = {isa = PBXFileReference; lastKnownFileType = sourcecode.swift; path = NeedsReviewView.swift; sourceTree = "<group>"; };
		12470F406B69A541A143FA1E /* ProcessingView.swift */ = {isa = PBXFileReference; lastKnownFileType = sourcecode.swift; path = ProcessingView.swift; sourceTree = "<group>"; };
		13E21F76E40CC016EED99FDF /* AppCheckTokenProvider.swift */ = {isa = PBXFileReference; lastKnownFileType = sourcecode.swift; path = AppCheckTokenProvider.swift; sourceTree = "<group>"; };
		18DCB987DE2CEC4D58B52C1B /* ReviewView.swift */ = {isa = PBXFileReference; lastKnownFileType = sourcecode.swift; path = ReviewView.swift; sourceTree = "<group>"; };
		301E782D1A4032F14778BBC3 /* InstallationIdentifierStore.swift */ = {isa = PBXFileReference; lastKnownFileType = sourcecode.swift; path = InstallationIdentifierStore.swift; sourceTree = "<group>"; };
		3ABE363A2BF2ED25476D6F39 /* DesignSystem.swift */ = {isa = PBXFileReference; lastKnownFileType = sourcecode.swift; path = DesignSystem.swift; sourceTree = "<group>"; };
		3CF3E0586B63804A836DBDBF /* APIClient.swift */ = {isa = PBXFileReference; lastKnownFileType = sourcecode.swift; path = APIClient.swift; sourceTree = "<group>"; };
		4995F07BE870F07D0222BE63 /* AppCheckBootstrap.swift */ = {isa = PBXFileReference; lastKnownFileType = sourcecode.swift; path = AppCheckBootstrap.swift; sourceTree = "<group>"; };
		49AC672D4A86AAC5B7ED24A4 /* LifeSnapActionApp.swift */ = {isa = PBXFileReference; lastKnownFileType = sourcecode.swift; path = LifeSnapActionApp.swift; sourceTree = "<group>"; };
		5AB30FB0901188D52721F2C4 /* AppCheckBootstrapTests.swift */ = {isa = PBXFileReference; lastKnownFileType = sourcecode.swift; path = AppCheckBootstrapTests.swift; sourceTree = "<group>"; };
		5C0357953E6E2A6A51B1DF9E /* ImageCompressor.swift */ = {isa = PBXFileReference; lastKnownFileType = sourcecode.swift; path = ImageCompressor.swift; sourceTree = "<group>"; };
		6016CB43C02D844914697A51 /* SuccessView.swift */ = {isa = PBXFileReference; lastKnownFileType = sourcecode.swift; path = SuccessView.swift; sourceTree = "<group>"; };
		61852894C181EAED1A76FA2C /* AppFlowCoordinator.swift */ = {isa = PBXFileReference; lastKnownFileType = sourcecode.swift; path = AppFlowCoordinator.swift; sourceTree = "<group>"; };
		625FE051B813170BE3BC204E /* CalendarTask.swift */ = {isa = PBXFileReference; lastKnownFileType = sourcecode.swift; path = CalendarTask.swift; sourceTree = "<group>"; };
		6E5972D40B8F39379EB78771 /* AppAttestLiveSmokeTests.swift */ = {isa = PBXFileReference; lastKnownFileType = sourcecode.swift; path = AppAttestLiveSmokeTests.swift; sourceTree = "<group>"; };
		7B56D73887335663365F4379 /* GoogleService-Info.plist */ = {isa = PBXFileReference; lastKnownFileType = text.plist; path = "GoogleService-Info.plist"; sourceTree = "<group>"; };
		7D667ADD9CD443EC4C02A1C4 /* CalendarService.swift */ = {isa = PBXFileReference; lastKnownFileType = sourcecode.swift; path = CalendarService.swift; sourceTree = "<group>"; };
		856EE29331DC51A5DD6821D7 /* LifeSnapAction.entitlements */ = {isa = PBXFileReference; lastKnownFileType = text.plist.entitlements; path = LifeSnapAction.entitlements; sourceTree = "<group>"; };
		87DE3D97EB92536D908EE007 /* LaunchScreen.storyboard */ = {isa = PBXFileReference; lastKnownFileType = file.storyboard; path = LaunchScreen.storyboard; sourceTree = "<group>"; };
		91B65B9F84630907CB2299CE /* LifeSnapActionTests.xctest */ = {isa = PBXFileReference; includeInIndex = 0; lastKnownFileType = wrapper.cfbundle; path = LifeSnapActionTests.xctest; sourceTree = BUILT_PRODUCTS_DIR; };
		9740D8067833DA3E9BBD0391 /* ExtractionViewModel.swift */ = {isa = PBXFileReference; lastKnownFileType = sourcecode.swift; path = ExtractionViewModel.swift; sourceTree = "<group>"; };
		9CF4A99D01B0D5ACF738C1B7 /* ExtractionResult.swift */ = {isa = PBXFileReference; lastKnownFileType = sourcecode.swift; path = ExtractionResult.swift; sourceTree = "<group>"; };
		A49A55D1A1529883B82E5BCC /* APIClientSecurityTests.swift */ = {isa = PBXFileReference; lastKnownFileType = sourcecode.swift; path = APIClientSecurityTests.swift; sourceTree = "<group>"; };
		B727FF1E246FB59105BA9F1F /* LifeSnapAction.app */ = {isa = PBXFileReference; includeInIndex = 0; lastKnownFileType = wrapper.application; path = LifeSnapAction.app; sourceTree = BUILT_PRODUCTS_DIR; };
		BE2F2F60FAA7EA3B59571255 /* CalendarViewModel.swift */ = {isa = PBXFileReference; lastKnownFileType = sourcecode.swift; path = CalendarViewModel.swift; sourceTree = "<group>"; };
		C79B44BA7F670B707143F104 /* AppFlowCoordinatorTests.swift */ = {isa = PBXFileReference; lastKnownFileType = sourcecode.swift; path = AppFlowCoordinatorTests.swift; sourceTree = "<group>"; };
		DEB9E526DBC7A7745DE5C91C /* Security.framework */ = {isa = PBXFileReference; lastKnownFileType = wrapper.framework; name = Security.framework; path = System/Library/Frameworks/Security.framework; sourceTree = SDKROOT; };
		E828618D0C3822FFBB0AE3EE /* Assets.xcassets */ = {isa = PBXFileReference; lastKnownFileType = folder.assetcatalog; path = Assets.xcassets; sourceTree = "<group>"; };
		E97F2240B0C86AE33B47E475 /* UploadConsentView.swift */ = {isa = PBXFileReference; lastKnownFileType = sourcecode.swift; path = UploadConsentView.swift; sourceTree = "<group>"; };
		EED10420F29A35C9077B03B1 /* SecurityCredentialTests.swift */ = {isa = PBXFileReference; lastKnownFileType = sourcecode.swift; path = SecurityCredentialTests.swift; sourceTree = "<group>"; };
		FD694A0B2795E4F5C266CB64 /* CaptureView.swift */ = {isa = PBXFileReference; lastKnownFileType = sourcecode.swift; path = CaptureView.swift; sourceTree = "<group>"; };
		FDD02922F34DAB27A55A5AB1 /* CaptureViewModel.swift */ = {isa = PBXFileReference; lastKnownFileType = sourcecode.swift; path = CaptureViewModel.swift; sourceTree = "<group>"; };
/* End PBXFileReference section */

/* Begin PBXFrameworksBuildPhase section */
		03485696E79E1DAC047FBCA3 /* Frameworks */ = {
			isa = PBXFrameworksBuildPhase;
			buildActionMask = 2147483647;
			files = (
				52255857E918D7D5DF936213 /* FirebaseCore in Frameworks */,
				F2F4215923A4F61101D1BF9B /* FirebaseAppCheck in Frameworks */,
				5B2B69AF747803D630E17BA8 /* Security.framework in Frameworks */,
			);
			runOnlyForDeploymentPostprocessing = 0;
		};
/* End PBXFrameworksBuildPhase section */

/* Begin PBXGroup section */
		092518A6B0F57B2A683DCA6D /* Resources */ = {
			isa = PBXGroup;
			children = (
				E828618D0C3822FFBB0AE3EE /* Assets.xcassets */,
				87DE3D97EB92536D908EE007 /* LaunchScreen.storyboard */,
			);
			path = Resources;
			sourceTree = "<group>";
		};
		0EA5DFF01BF56C2855B1F43D /* ViewModels */ = {
			isa = PBXGroup;
			children = (
				61852894C181EAED1A76FA2C /* AppFlowCoordinator.swift */,
				BE2F2F60FAA7EA3B59571255 /* CalendarViewModel.swift */,
				FDD02922F34DAB27A55A5AB1 /* CaptureViewModel.swift */,
				9740D8067833DA3E9BBD0391 /* ExtractionViewModel.swift */,
			);
			path = ViewModels;
			sourceTree = "<group>";
		};
		0EB26FE750659CC6151FCC8B /* Frameworks */ = {
			isa = PBXGroup;
			children = (
				DEB9E526DBC7A7745DE5C91C /* Security.framework */,
			);
			name = Frameworks;
			sourceTree = "<group>";
		};
		2327441F73BFC19910D71DC4 /* Models */ = {
			isa = PBXGroup;
			children = (
				625FE051B813170BE3BC204E /* CalendarTask.swift */,
				9CF4A99D01B0D5ACF738C1B7 /* ExtractionResult.swift */,
			);
			path = Models;
			sourceTree = "<group>";
		};
		3EE2C8BDA72B23294AE1C1E7 /* Services */ = {
			isa = PBXGroup;
			children = (
				3CF3E0586B63804A836DBDBF /* APIClient.swift */,
				4995F07BE870F07D0222BE63 /* AppCheckBootstrap.swift */,
				13E21F76E40CC016EED99FDF /* AppCheckTokenProvider.swift */,
				7D667ADD9CD443EC4C02A1C4 /* CalendarService.swift */,
				301E782D1A4032F14778BBC3 /* InstallationIdentifierStore.swift */,
			);
			path = Services;
			sourceTree = "<group>";
		};
		4AC61DCA7A67EAB94AC45898 /* LifeSnapAction */ = {
			isa = PBXGroup;
			children = (
				7B56D73887335663365F4379 /* GoogleService-Info.plist */,
				856EE29331DC51A5DD6821D7 /* LifeSnapAction.entitlements */,
				5E5CED99E38215D72CB39856 /* App */,
				2327441F73BFC19910D71DC4 /* Models */,
				092518A6B0F57B2A683DCA6D /* Resources */,
				3EE2C8BDA72B23294AE1C1E7 /* Services */,
				888E1E959BBC3B62DBCA208E /* Utilities */,
				0EA5DFF01BF56C2855B1F43D /* ViewModels */,
				DD4F1A10CB6C3F0843578842 /* Views */,
			);
			path = LifeSnapAction;
			sourceTree = "<group>";
		};
		5E5CED99E38215D72CB39856 /* App */ = {
			isa = PBXGroup;
			children = (
				49AC672D4A86AAC5B7ED24A4 /* LifeSnapActionApp.swift */,
			);
			path = App;
			sourceTree = "<group>";
		};
		888E1E959BBC3B62DBCA208E /* Utilities */ = {
			isa = PBXGroup;
			children = (
				5C0357953E6E2A6A51B1DF9E /* ImageCompressor.swift */,
			);
			path = Utilities;
			sourceTree = "<group>";
		};
		9A61E74632EF5E52D7AF0011 /* LifeSnapActionTests */ = {
			isa = PBXGroup;
			children = (
				A49A55D1A1529883B82E5BCC /* APIClientSecurityTests.swift */,
				6E5972D40B8F39379EB78771 /* AppAttestLiveSmokeTests.swift */,
				5AB30FB0901188D52721F2C4 /* AppCheckBootstrapTests.swift */,
				C79B44BA7F670B707143F104 /* AppFlowCoordinatorTests.swift */,
				EED10420F29A35C9077B03B1 /* SecurityCredentialTests.swift */,
			);
			path = LifeSnapActionTests;
			sourceTree = "<group>";
		};
		A6A5D8E99E4577ACBF34CAD5 /* Products */ = {
			isa = PBXGroup;
			children = (
				B727FF1E246FB59105BA9F1F /* LifeSnapAction.app */,
				91B65B9F84630907CB2299CE /* LifeSnapActionTests.xctest */,
			);
			name = Products;
			sourceTree = "<group>";
		};
		C0ADE09EFD829767D22051E4 = {
			isa = PBXGroup;
			children = (
				4AC61DCA7A67EAB94AC45898 /* LifeSnapAction */,
				9A61E74632EF5E52D7AF0011 /* LifeSnapActionTests */,
				0EB26FE750659CC6151FCC8B /* Frameworks */,
				A6A5D8E99E4577ACBF34CAD5 /* Products */,
			);
			sourceTree = "<group>";
		};
		DD4F1A10CB6C3F0843578842 /* Views */ = {
			isa = PBXGroup;
			children = (
				FD694A0B2795E4F5C266CB64 /* CaptureView.swift */,
				3ABE363A2BF2ED25476D6F39 /* DesignSystem.swift */,
				11A47040BCF3C08BE21E7D0A /* NeedsReviewView.swift */,
				008EEB44DF793A978F9BBB85 /* NoActionView.swift */,
				12470F406B69A541A143FA1E /* ProcessingView.swift */,
				18DCB987DE2CEC4D58B52C1B /* ReviewView.swift */,
				6016CB43C02D844914697A51 /* SuccessView.swift */,
				E97F2240B0C86AE33B47E475 /* UploadConsentView.swift */,
			);
			path = Views;
			sourceTree = "<group>";
		};
/* End PBXGroup section */

/* Begin PBXNativeTarget section */
		8341698B324E1FFBFF1B99DD /* LifeSnapAction */ = {
			isa = PBXNativeTarget;
			buildConfigurationList = 1C8A6C81702233A84B12D589 /* Build configuration list for PBXNativeTarget "LifeSnapAction" */;
			buildPhases = (
				469A9739F64B090A5C28BC02 /* Sources */,
				F62AA11AF34E4652D60EF4EA /* Resources */,
				03485696E79E1DAC047FBCA3 /* Frameworks */,
			);
			buildRules = (
			);
			dependencies = (
			);
			name = LifeSnapAction;
			packageProductDependencies = (
				656514DBA1F2B85D021893F4 /* FirebaseCore */,
				A3AC4C3AE803D71E551AA1F6 /* FirebaseAppCheck */,
			);
			productName = LifeSnapAction;
			productReference = B727FF1E246FB59105BA9F1F /* LifeSnapAction.app */;
			productType = "com.apple.product-type.application";
		};
		9FEADD4DEBAF0A28FBB9218D /* LifeSnapActionTests */ = {
			isa = PBXNativeTarget;
			buildConfigurationList = C79D6324E374CD8C4B43019E /* Build configuration list for PBXNativeTarget "LifeSnapActionTests" */;
			buildPhases = (
				C9F37C5C5C12F9D09F59AD42 /* Sources */,
			);
			buildRules = (
			);
			dependencies = (
				77E36F5C6FF5EF6B1736379D /* PBXTargetDependency */,
			);
			name = LifeSnapActionTests;
			packageProductDependencies = (
			);
			productName = LifeSnapActionTests;
			productReference = 91B65B9F84630907CB2299CE /* LifeSnapActionTests.xctest */;
			productType = "com.apple.product-type.bundle.unit-test";
		};
/* End PBXNativeTarget section */

/* Begin PBXProject section */
		8E0105D34370ADF8C19B2C9C /* Project object */ = {
			isa = PBXProject;
			attributes = {
				BuildIndependentTargetsInParallel = YES;
				LastUpgradeCheck = 1430;
				TargetAttributes = {
					8341698B324E1FFBFF1B99DD = {
						DevelopmentTeam = "";
					};
					9FEADD4DEBAF0A28FBB9218D = {
						DevelopmentTeam = "";
					};
				};
			};
			buildConfigurationList = 9FCA5C982CECD5E1C324337B /* Build configuration list for PBXProject "LifeSnapAction" */;
			developmentRegion = en;
			hasScannedForEncodings = 0;
			knownRegions = (
				Base,
				en,
			);
			mainGroup = C0ADE09EFD829767D22051E4;
			minimizedProjectReferenceProxies = 1;
			packageReferences = (
				7DDCACC5C3017548F2C9CE96 /* XCRemoteSwiftPackageReference "firebase-ios-sdk" */,
			);
			preferredProjectObjectVersion = 77;
			productRefGroup = A6A5D8E99E4577ACBF34CAD5 /* Products */;
			projectDirPath = "";
			projectRoot = "";
			targets = (
				8341698B324E1FFBFF1B99DD /* LifeSnapAction */,
				9FEADD4DEBAF0A28FBB9218D /* LifeSnapActionTests */,
			);
		};
/* End PBXProject section */

/* Begin PBXResourcesBuildPhase section */
		F62AA11AF34E4652D60EF4EA /* Resources */ = {
			isa = PBXResourcesBuildPhase;
			buildActionMask = 2147483647;
			files = (
				BF29CF2E36FB7ED8552A241E /* Assets.xcassets in Resources */,
				7AE8EFCD979E501A687D93E0 /* GoogleService-Info.plist in Resources */,
				0736A54DB94C4F16A3E2C771 /* LaunchScreen.storyboard in Resources */,
			);
			runOnlyForDeploymentPostprocessing = 0;
		};
/* End PBXResourcesBuildPhase section */

/* Begin PBXSourcesBuildPhase section */
		469A9739F64B090A5C28BC02 /* Sources */ = {
			isa = PBXSourcesBuildPhase;
			buildActionMask = 2147483647;
			files = (
				0322E7F896DEF11246B2E966 /* APIClient.swift in Sources */,
				AB930E93BB688250BFF78A21 /* AppCheckBootstrap.swift in Sources */,
				F8BE702BC72ECBF4BE62E116 /* AppCheckTokenProvider.swift in Sources */,
				E23748DAA02205A24C4738A2 /* AppFlowCoordinator.swift in Sources */,
				16035F2C4D2DDA58168B1884 /* CalendarService.swift in Sources */,
				01FD9E8B373A9B58D97C3499 /* CalendarTask.swift in Sources */,
				9BFD593AD4E1C26C656E38AF /* CalendarViewModel.swift in Sources */,
				6042CB7D75E84FE0A7DB66FE /* CaptureView.swift in Sources */,
				BB402664DD36CD26853FE778 /* CaptureViewModel.swift in Sources */,
				D3A51051C5D543490A9420A6 /* DesignSystem.swift in Sources */,
				F2A70288A321C35E605BE5D6 /* ExtractionResult.swift in Sources */,
				C2930CA90FFDFDE85D0DB066 /* ExtractionViewModel.swift in Sources */,
				B5E8C80C58D53611FD65D0F6 /* ImageCompressor.swift in Sources */,
				1DAD48CFABB637EF66C7A146 /* InstallationIdentifierStore.swift in Sources */,
				F9D813459BF88EF4F8B0EC7A /* LifeSnapActionApp.swift in Sources */,
				5E509E4724B99E5104A945C5 /* NeedsReviewView.swift in Sources */,
				6315E27B2D0B574F87127CD5 /* NoActionView.swift in Sources */,
				CFC3F2A7009DB2F771D2769D /* ProcessingView.swift in Sources */,
				2A99A136B0AF2A9F8628DB69 /* ReviewView.swift in Sources */,
				87DB2D6A39EC78D70A48A6BD /* SuccessView.swift in Sources */,
				EE61B249CBF05C2FBD5FF1A2 /* UploadConsentView.swift in Sources */,
			);
			runOnlyForDeploymentPostprocessing = 0;
		};
		C9F37C5C5C12F9D09F59AD42 /* Sources */ = {
			isa = PBXSourcesBuildPhase;
			buildActionMask = 2147483647;
			files = (
				4459648145B527E3D56688AC /* APIClientSecurityTests.swift in Sources */,
				2314BB7389AA07A52990C8AA /* AppAttestLiveSmokeTests.swift in Sources */,
				25FA9CCE9F03755F86EC9824 /* AppCheckBootstrapTests.swift in Sources */,
				094C534C21632C1971FD086B /* AppFlowCoordinatorTests.swift in Sources */,
				A6D8B2D600FDF4F004B3DF27 /* SecurityCredentialTests.swift in Sources */,
			);
			runOnlyForDeploymentPostprocessing = 0;
		};
/* End PBXSourcesBuildPhase section */

/* Begin PBXTargetDependency section */
		77E36F5C6FF5EF6B1736379D /* PBXTargetDependency */ = {
			isa = PBXTargetDependency;
			target = 8341698B324E1FFBFF1B99DD /* LifeSnapAction */;
			targetProxy = 24EBD47C9B1C9EFDDC46BA04 /* PBXContainerItemProxy */;
		};
/* End PBXTargetDependency section */

/* Begin XCBuildConfiguration section */
		369F2D85783D167D883B1602 /* Release */ = {
			isa = XCBuildConfiguration;
			buildSettings = {
				BUNDLE_LOADER = "$(TEST_HOST)";
				DEVELOPMENT_TEAM = "";
				GENERATE_INFOPLIST_FILE = YES;
				IPHONEOS_DEPLOYMENT_TARGET = 17.0;
				LD_RUNPATH_SEARCH_PATHS = (
					"$(inherited)",
					"@executable_path/Frameworks",
					"@loader_path/Frameworks",
				);
				PRODUCT_BUNDLE_IDENTIFIER = com.zll.lifesnapaction.tests;
				SDKROOT = iphoneos;
				SWIFT_VERSION = 5.9;
				TARGETED_DEVICE_FAMILY = 1;
				TEST_HOST = "$(BUILT_PRODUCTS_DIR)/LifeSnapAction.app/LifeSnapAction";
			};
			name = Release;
		};
		6C73F13C34E244FFE4AE14EC /* Release */ = {
			isa = XCBuildConfiguration;
			buildSettings = {
				ALWAYS_SEARCH_USER_PATHS = NO;
				CLANG_ANALYZER_NONNULL = YES;
				CLANG_ANALYZER_NUMBER_OBJECT_CONVERSION = YES_AGGRESSIVE;
				CLANG_CXX_LANGUAGE_STANDARD = "gnu++14";
				CLANG_CXX_LIBRARY = "libc++";
				CLANG_ENABLE_MODULES = YES;
				CLANG_ENABLE_OBJC_ARC = YES;
				CLANG_ENABLE_OBJC_WEAK = YES;
				CLANG_WARN_BLOCK_CAPTURE_AUTORELEASING = YES;
				CLANG_WARN_BOOL_CONVERSION = YES;
				CLANG_WARN_COMMA = YES;
				CLANG_WARN_CONSTANT_CONVERSION = YES;
				CLANG_WARN_DEPRECATED_OBJC_IMPLEMENTATIONS = YES;
				CLANG_WARN_DIRECT_OBJC_ISA_USAGE = YES_ERROR;
				CLANG_WARN_DOCUMENTATION_COMMENTS = YES;
				CLANG_WARN_EMPTY_BODY = YES;
				CLANG_WARN_ENUM_CONVERSION = YES;
				CLANG_WARN_INFINITE_RECURSION = YES;
				CLANG_WARN_INT_CONVERSION = YES;
				CLANG_WARN_NON_LITERAL_NULL_CONVERSION = YES;
				CLANG_WARN_OBJC_IMPLICIT_RETAIN_SELF = YES;
				CLANG_WARN_OBJC_LITERAL_CONVERSION = YES;
				CLANG_WARN_OBJC_ROOT_CLASS = YES_ERROR;
				CLANG_WARN_QUOTED_INCLUDE_IN_FRAMEWORK_HEADER = YES;
				CLANG_WARN_RANGE_LOOP_ANALYSIS = YES;
				CLANG_WARN_STRICT_PROTOTYPES = YES;
				CLANG_WARN_SUSPICIOUS_MOVE = YES;
				CLANG_WARN_UNGUARDED_AVAILABILITY = YES_AGGRESSIVE;
				CLANG_WARN_UNREACHABLE_CODE = YES;
				CLANG_WARN__DUPLICATE_METHOD_MATCH = YES;
				COPY_PHASE_STRIP = NO;
				DEBUG_INFORMATION_FORMAT = "dwarf-with-dsym";
				ENABLE_NS_ASSERTIONS = NO;
				ENABLE_STRICT_OBJC_MSGSEND = YES;
				GCC_C_LANGUAGE_STANDARD = gnu11;
				GCC_NO_COMMON_BLOCKS = YES;
				GCC_WARN_64_TO_32_BIT_CONVERSION = YES;
				GCC_WARN_ABOUT_RETURN_TYPE = YES_ERROR;
				GCC_WARN_UNDECLARED_SELECTOR = YES;
				GCC_WARN_UNINITIALIZED_AUTOS = YES_AGGRESSIVE;
				GCC_WARN_UNUSED_FUNCTION = YES;
				GCC_WARN_UNUSED_VARIABLE = YES;
				MTL_ENABLE_DEBUG_INFO = NO;
				MTL_FAST_MATH = YES;
				PRODUCT_NAME = "$(TARGET_NAME)";
				SDKROOT = iphoneos;
				SWIFT_COMPILATION_MODE = wholemodule;
				SWIFT_OPTIMIZATION_LEVEL = "-O";
				SWIFT_VERSION = 5.0;
			};
			name = Release;
		};
		7E327BB1A2002FD7996EC302 /* Debug */ = {
			isa = XCBuildConfiguration;
			buildSettings = {
				API_BASE_URL = "https://lifesnap-action-sxielk4wua-an.a.run.app";
				ASHER_IS_IPHONE_TARGET = YES;
				ASSETCATALOG_COMPILER_APPICON_NAME = AppIcon;
				CODE_SIGN_ENTITLEMENTS = LifeSnapAction/LifeSnapAction.entitlements;
				CODE_SIGN_IDENTITY = "iPhone Developer";
				CURRENT_PROJECT_VERSION = 4;
				DEVELOPMENT_TEAM = "";
				GENERATE_INFOPLIST_FILE = NO;
				INFOPLIST_FILE = LifeSnapAction/Info.plist;
				IPHONEOS_DEPLOYMENT_TARGET = 17.0;
				LD_RUNPATH_SEARCH_PATHS = (
					"$(inherited)",
					"@executable_path/Frameworks",
				);
				MARKETING_VERSION = 1.1;
				PRODUCT_BUNDLE_IDENTIFIER = com.zll.lifesnapaction;
				SDKROOT = iphoneos;
				SWIFT_VERSION = 5.9;
				TARGETED_DEVICE_FAMILY = 1;
			};
			name = Debug;
		};
		E3F90503EBF46EDB3E231269 /* Debug */ = {
			isa = XCBuildConfiguration;
			buildSettings = {
				ALWAYS_SEARCH_USER_PATHS = NO;
				CLANG_ANALYZER_NONNULL = YES;
				CLANG_ANALYZER_NUMBER_OBJECT_CONVERSION = YES_AGGRESSIVE;
				CLANG_CXX_LANGUAGE_STANDARD = "gnu++14";
				CLANG_CXX_LIBRARY = "libc++";
				CLANG_ENABLE_MODULES = YES;
				CLANG_ENABLE_OBJC_ARC = YES;
				CLANG_ENABLE_OBJC_WEAK = YES;
				CLANG_WARN_BLOCK_CAPTURE_AUTORELEASING = YES;
				CLANG_WARN_BOOL_CONVERSION = YES;
				CLANG_WARN_COMMA = YES;
				CLANG_WARN_CONSTANT_CONVERSION = YES;
				CLANG_WARN_DEPRECATED_OBJC_IMPLEMENTATIONS = YES;
				CLANG_WARN_DIRECT_OBJC_ISA_USAGE = YES_ERROR;
				CLANG_WARN_DOCUMENTATION_COMMENTS = YES;
				CLANG_WARN_EMPTY_BODY = YES;
				CLANG_WARN_ENUM_CONVERSION = YES;
				CLANG_WARN_INFINITE_RECURSION = YES;
				CLANG_WARN_INT_CONVERSION = YES;
				CLANG_WARN_NON_LITERAL_NULL_CONVERSION = YES;
				CLANG_WARN_OBJC_IMPLICIT_RETAIN_SELF = YES;
				CLANG_WARN_OBJC_LITERAL_CONVERSION = YES;
				CLANG_WARN_OBJC_ROOT_CLASS = YES_ERROR;
				CLANG_WARN_QUOTED_INCLUDE_IN_FRAMEWORK_HEADER = YES;
				CLANG_WARN_RANGE_LOOP_ANALYSIS = YES;
				CLANG_WARN_STRICT_PROTOTYPES = YES;
				CLANG_WARN_SUSPICIOUS_MOVE = YES;
				CLANG_WARN_UNGUARDED_AVAILABILITY = YES_AGGRESSIVE;
				CLANG_WARN_UNREACHABLE_CODE = YES;
				CLANG_WARN__DUPLICATE_METHOD_MATCH = YES;
				COPY_PHASE_STRIP = NO;
				DEBUG_INFORMATION_FORMAT = dwarf;
				ENABLE_STRICT_OBJC_MSGSEND = YES;
				ENABLE_TESTABILITY = YES;
				GCC_C_LANGUAGE_STANDARD = gnu11;
				GCC_DYNAMIC_NO_PIC = NO;
				GCC_NO_COMMON_BLOCKS = YES;
				GCC_OPTIMIZATION_LEVEL = 0;
				GCC_PREPROCESSOR_DEFINITIONS = (
					"$(inherited)",
					"DEBUG=1",
				);
				GCC_WARN_64_TO_32_BIT_CONVERSION = YES;
				GCC_WARN_ABOUT_RETURN_TYPE = YES_ERROR;
				GCC_WARN_UNDECLARED_SELECTOR = YES;
				GCC_WARN_UNINITIALIZED_AUTOS = YES_AGGRESSIVE;
				GCC_WARN_UNUSED_FUNCTION = YES;
				GCC_WARN_UNUSED_VARIABLE = YES;
				MTL_ENABLE_DEBUG_INFO = INCLUDE_SOURCE;
				MTL_FAST_MATH = YES;
				ONLY_ACTIVE_ARCH = YES;
				PRODUCT_NAME = "$(TARGET_NAME)";
				SDKROOT = iphoneos;
				SWIFT_ACTIVE_COMPILATION_CONDITIONS = DEBUG;
				SWIFT_OPTIMIZATION_LEVEL = "-Onone";
				SWIFT_VERSION = 5.0;
			};
			name = Debug;
		};
		E6F2410692B465EC5F3EAE8E /* Release */ = {
			isa = XCBuildConfiguration;
			buildSettings = {
				API_BASE_URL = "https://lifesnap-action-sxielk4wua-an.a.run.app";
				ASHER_IS_IPHONE_TARGET = YES;
				ASSETCATALOG_COMPILER_APPICON_NAME = AppIcon;
				CODE_SIGN_ENTITLEMENTS = LifeSnapAction/LifeSnapAction.entitlements;
				CODE_SIGN_IDENTITY = "iPhone Developer";
				CURRENT_PROJECT_VERSION = 4;
				DEVELOPMENT_TEAM = "";
				GENERATE_INFOPLIST_FILE = NO;
				INFOPLIST_FILE = LifeSnapAction/Info.plist;
				IPHONEOS_DEPLOYMENT_TARGET = 17.0;
				LD_RUNPATH_SEARCH_PATHS = (
					"$(inherited)",
					"@executable_path/Frameworks",
				);
				MARKETING_VERSION = 1.1;
				PRODUCT_BUNDLE_IDENTIFIER = com.zll.lifesnapaction;
				SDKROOT = iphoneos;
				SWIFT_VERSION = 5.9;
				TARGETED_DEVICE_FAMILY = 1;
			};
			name = Release;
		};
		F42DCBAC4229A147BA4CE702 /* Debug */ = {
			isa = XCBuildConfiguration;
			buildSettings = {
				BUNDLE_LOADER = "$(TEST_HOST)";
				DEVELOPMENT_TEAM = "";
				GENERATE_INFOPLIST_FILE = YES;
				IPHONEOS_DEPLOYMENT_TARGET = 17.0;
				LD_RUNPATH_SEARCH_PATHS = (
					"$(inherited)",
					"@executable_path/Frameworks",
					"@loader_path/Frameworks",
				);
				PRODUCT_BUNDLE_IDENTIFIER = com.zll.lifesnapaction.tests;
				SDKROOT = iphoneos;
				SWIFT_VERSION = 5.9;
				TARGETED_DEVICE_FAMILY = 1;
				TEST_HOST = "$(BUILT_PRODUCTS_DIR)/LifeSnapAction.app/LifeSnapAction";
			};
			name = Debug;
		};
/* End XCBuildConfiguration section */

/* Begin XCConfigurationList section */
		1C8A6C81702233A84B12D589 /* Build configuration list for PBXNativeTarget "LifeSnapAction" */ = {
			isa = XCConfigurationList;
			buildConfigurations = (
				7E327BB1A2002FD7996EC302 /* Debug */,
				E6F2410692B465EC5F3EAE8E /* Release */,
			);
			defaultConfigurationIsVisible = 0;
			defaultConfigurationName = Debug;
		};
		9FCA5C982CECD5E1C324337B /* Build configuration list for PBXProject "LifeSnapAction" */ = {
			isa = XCConfigurationList;
			buildConfigurations = (
				E3F90503EBF46EDB3E231269 /* Debug */,
				6C73F13C34E244FFE4AE14EC /* Release */,
			);
			defaultConfigurationIsVisible = 0;
			defaultConfigurationName = Debug;
		};
		C79D6324E374CD8C4B43019E /* Build configuration list for PBXNativeTarget "LifeSnapActionTests" */ = {
			isa = XCConfigurationList;
			buildConfigurations = (
				F42DCBAC4229A147BA4CE702 /* Debug */,
				369F2D85783D167D883B1602 /* Release */,
			);
			defaultConfigurationIsVisible = 0;
			defaultConfigurationName = Debug;
		};
/* End XCConfigurationList section */

/* Begin XCRemoteSwiftPackageReference section */
		7DDCACC5C3017548F2C9CE96 /* XCRemoteSwiftPackageReference "firebase-ios-sdk" */ = {
			isa = XCRemoteSwiftPackageReference;
			repositoryURL = "https://github.com/firebase/firebase-ios-sdk";
			requirement = {
				kind = exactVersion;
				version = 12.17.0;
			};
		};
/* End XCRemoteSwiftPackageReference section */

/* Begin XCSwiftPackageProductDependency section */
		656514DBA1F2B85D021893F4 /* FirebaseCore */ = {
			isa = XCSwiftPackageProductDependency;
			package = 7DDCACC5C3017548F2C9CE96 /* XCRemoteSwiftPackageReference "firebase-ios-sdk" */;
			productName = FirebaseCore;
		};
		A3AC4C3AE803D71E551AA1F6 /* FirebaseAppCheck */ = {
			isa = XCSwiftPackageProductDependency;
			package = 7DDCACC5C3017548F2C9CE96 /* XCRemoteSwiftPackageReference "firebase-ios-sdk" */;
			productName = FirebaseAppCheck;
		};
/* End XCSwiftPackageProductDependency section */
	};
	rootObject = 8E0105D34370ADF8C19B2C9C /* Project object */;
}
